
Microsoft Visual Studio Solution File, Format Version 12.00
Project("{2150E333-8FDC-42A3-9474-1A3956D46DE8}") = "API", "API", "{97FDBA40-063D-40DF-A2E0-7EA46622F7F2}"
EndProject
Project("{FAE04EC0-301F-11D3-BF4B-00C04F79EFBC}") = "API", "API\API\API.csproj", "{3403BFBE-1537-40B7-BFCB-2C9BA50DFA7A}"
EndProject
Project("{FAE04EC0-301F-11D3-BF4B-00C04F79EFBC}") = "UnitTests", "API\UnitTests\UnitTests.csproj", "{31C38C38-6959-4BC9-8097-D73A852086CD}"
EndProject
Project("{FAE04EC0-301F-11D3-BF4B-00C04F79EFBC}") = "IntegrationTests", "API\IntegrationTests\IntegrationTests.csproj", "{28E590F0-B284-4569-906B-2420E552C960}"
EndProject
Project("{2150E333-8FDC-42A3-9474-1A3956D46DE8}") = "Service", "Service", "{FACBEBEA-410E-4611-98FB-5763070F6D4F}"
EndProject
Project("{FAE04EC0-301F-11D3-BF4B-00C04F79EFBC}") = "UnitTests", "Service\UnitTests\UnitTests.csproj", "{4B6FDE2B-480A-4604-8044-AEBA66A6FC63}"
EndProject
Project("{FAE04EC0-301F-11D3-BF4B-00C04F79EFBC}") = "IntegrationTests", "Service\IntegrationTests\IntegrationTests.csproj", "{03007DFF-80BF-4738-8A9C-16C7F4777652}"
EndProject
Project("{FAE04EC0-301F-11D3-BF4B-00C04F79EFBC}") = "Service", "Service\Service\Service.csproj", "{085F3FB6-8E52-474E-B6D2-F4BF7CE7FFDA}"
EndProject
Project("{2150E333-8FDC-42A3-9474-1A3956D46DE8}") = "Dashboard", "Dashboard", "{EA3A53E0-65AD-4E89-90EF-C4B77F865AF2}"
EndProject
Project("{FAE04EC0-301F-11D3-BF4B-00C04F79EFBC}") = "Dashboard", "Dashboard\Dashboard.csproj", "{C0D6B61A-7CA7-4461-9A2B-498933B091B9}"
EndProject
Global
	GlobalSection(SolutionConfigurationPlatforms) = preSolution
		Debug|Any CPU = Debug|Any CPU
		Release|Any CPU = Release|Any CPU
	EndGlobalSection
	GlobalSection(ProjectConfigurationPlatforms) = postSolution
		{3403BFBE-1537-40B7-BFCB-2C9BA50DFA7A}.Debug|Any CPU.ActiveCfg = Debug|Any CPU
		{3403BFBE-1537-40B7-BFCB-2C9BA50DFA7A}.Debug|Any CPU.Build.0 = Debug|Any CPU
		{3403BFBE-1537-40B7-BFCB-2C9BA50DFA7A}.Release|Any CPU.ActiveCfg = Release|Any CPU
		{3403BFBE-1537-40B7-BFCB-2C9BA50DFA7A}.Release|Any CPU.Build.0 = Release|Any CPU
		{31C38C38-6959-4BC9-8097-D73A852086CD}.Debug|Any CPU.ActiveCfg = Debug|Any CPU
		{31C38C38-6959-4BC9-8097-D73A852086CD}.Debug|Any CPU.Build.0 = Debug|Any CPU
		{31C38C38-6959-4BC9-8097-D73A852086CD}.Release|Any CPU.ActiveCfg = Release|Any CPU
		{31C38C38-6959-4BC9-8097-D73A852086CD}.Release|Any CPU.Build.0 = Release|Any CPU
		{28E590F0-B284-4569-906B-2420E552C960}.Debug|Any CPU.ActiveCfg = Debug|Any CPU
		{28E590F0-B284-4569-906B-2420E552C960}.Debug|Any CPU.Build.0 = Debug|Any CPU
		{28E590F0-B284-4569-906B-2420E552C960}.Release|Any CPU.ActiveCfg = Release|Any CPU
		{28E590F0-B284-4569-906B-2420E552C960}.Release|Any CPU.Build.0 = Release|Any CPU
		{4B6FDE2B-480A-4604-8044-AEBA66A6FC63}.Debug|Any CPU.ActiveCfg = Debug|Any CPU
		{4B6FDE2B-480A-4604-8044-AEBA66A6FC63}.Debug|Any CPU.Build.0 = Debug|Any CPU
		{4B6FDE2B-480A-4604-8044-AEBA66A6FC63}.Release|Any CPU.ActiveCfg = Release|Any CPU
		{4B6FDE2B-480A-4604-8044-AEBA66A6FC63}.Release|Any CPU.Build.0 = Release|Any CPU
		{03007DFF-80BF-4738-8A9C-16C7F4777652}.Debug|Any CPU.ActiveCfg = Debug|Any CPU
		{03007DFF-80BF-4738-8A9C-16C7F4777652}.Debug|Any CPU.Build.0 = Debug|Any CPU
		{03007DFF-80BF-4738-8A9C-16C7F4777652}.Release|Any CPU.ActiveCfg = Release|Any CPU
		{03007DFF-80BF-4738-8A9C-16C7F4777652}.Release|Any CPU.Build.0 = Release|Any CPU
		{085F3FB6-8E52-474E-B6D2-F4BF7CE7FFDA}.Debug|Any CPU.ActiveCfg = Debug|Any CPU
		{085F3FB6-8E52-474E-B6D2-F4BF7CE7FFDA}.Debug|Any CPU.Build.0 = Debug|Any CPU
		{085F3FB6-8E52-474E-B6D2-F4BF7CE7FFDA}.Release|Any CPU.ActiveCfg = Release|Any CPU
		{085F3FB6-8E52-474E-B6D2-F4BF7CE7FFDA}.Release|Any CPU.Build.0 = Release|Any CPU
		{C0D6B61A-7CA7-4461-9A2B-498933B091B9}.Debug|Any CPU.ActiveCfg = Debug|Any CPU
		{C0D6B61A-7CA7-4461-9A2B-498933B091B9}.Debug|Any CPU.Build.0 = Debug|Any CPU
		{C0D6B61A-7CA7-4461-9A2B-498933B091B9}.Release|Any CPU.ActiveCfg = Release|Any CPU
		{C0D6B61A-7CA7-4461-9A2B-498933B091B9}.Release|Any CPU.Build.0 = Release|Any CPU
	EndGlobalSection
	GlobalSection(NestedProjects) = preSolution
		{3403BFBE-1537-40B7-BFCB-2C9BA50DFA7A} = {97FDBA40-063D-40DF-A2E0-7EA46622F7F2}
		{31C38C38-6959-4BC9-8097-D73A852086CD} = {97FDBA40-063D-40DF-A2E0-7EA46622F7F2}
		{28E590F0-B284-4569-906B-2420E552C960} = {97FDBA40-063D-40DF-A2E0-7EA46622F7F2}
		{4B6FDE2B-480A-4604-8044-AEBA66A6FC63} = {FACBEBEA-410E-4611-98FB-5763070F6D4F}
		{03007DFF-80BF-4738-8A9C-16C7F4777652} = {FACBEBEA-410E-4611-98FB-5763070F6D4F}
		{085F3FB6-8E52-474E-B6D2-F4BF7CE7FFDA} = {FACBEBEA-410E-4611-98FB-5763070F6D4F}
		{C0D6B61A-7CA7-4461-9A2B-498933B091B9} = {EA3A53E0-65AD-4E89-90EF-C4B77F865AF2}
	EndGlobalSection
EndGlobal
